<?xml version="1.0" encoding="utf-8"?>
<Project ToolsVersion="4.0" xmlns="http://schemas.microsoft.com/developer/msbuild/2003">
  <ItemGroup>
    <Filter Include="源文件">
      <UniqueIdentifier>{4FC737F1-C7A5-4376-A066-2A32D752A2FF}</UniqueIdentifier>
      <Extensions>cpp;c;cc;cxx;def;odl;idl;hpj;bat;asm;asmx</Extensions>
    </Filter>
    <Filter Include="头文件">
      <UniqueIdentifier>{93995380-89BD-4b04-88EB-625FBE52EBFB}</UniqueIdentifier>
      <Extensions>h;hh;hpp;hxx;hm;inl;inc;xsd</Extensions>
    </Filter>
    <Filter Include="资源文件">
      <UniqueIdentifier>{67DA6AB6-F800-4c08-8B7A-83BB121AAD01}</UniqueIdentifier>
      <Extensions>rc;ico;cur;bmp;dlg;rc2;rct;bin;rgs;gif;jpg;jpeg;jpe;resx;tiff;tif;png;wav;mfcribbon-ms</Extensions>
    </Filter>
    <Filter Include="源文件\data_fold">
      <UniqueIdentifier>{e17e50fe-dad5-49cb-9b89-e0f946d8426b}</UniqueIdentifier>
    </Filter>
    <Filter Include="源文件\learn">
      <UniqueIdentifier>{163fefa2-bee8-49cb-8d14-10a13710ebf3}</UniqueIdentifier>
    </Filter>
    <Filter Include="源文件\tree">
      <UniqueIdentifier>{4ccc43f1-1162-462e-b590-9dc7aa994b7a}</UniqueIdentifier>
    </Filter>
    <Filter Include="源文件\util">
      <UniqueIdentifier>{fd9e0871-c601-475d-b095-e87773b68644}</UniqueIdentifier>
    </Filter>
    <Filter Include="源文件\python">
      <UniqueIdentifier>{c2f85e65-ddf3-484e-82ce-966e3214f827}</UniqueIdentifier>
    </Filter>
    <Filter Include="源文件\EDA">
      <UniqueIdentifier>{52705ab1-350d-4f26-a4db-89374027eba6}</UniqueIdentifier>
    </Filter>
  </ItemGroup>
  <ItemGroup>
    <Text Include="ReadMe.txt" />
  </ItemGroup>
  <ItemGroup>
    <ClCompile Include="..\..\src\LiteMORT.cpp">
      <Filter>源文件</Filter>
    </ClCompile>
    <ClCompile Include="..\..\src\data_fold\Histogram.cpp">
      <Filter>源文件\data_fold</Filter>
    </ClCompile>
    <ClCompile Include="..\..\src\data_fold\EDA.cpp">
      <Filter>源文件\data_fold</Filter>
    </ClCompile>
    <ClCompile Include="..\..\src\data_fold\DataFold.cpp">
      <Filter>源文件\data_fold</Filter>
    </ClCompile>
    <ClCompile Include="..\..\src\learn\DCRIMI_.cpp">
      <Filter>源文件\learn</Filter>
    </ClCompile>
    <ClCompile Include="..\..\src\learn\LOSS.cpp">
      <Filter>源文件\learn</Filter>
    </ClCompile>
    <ClCompile Include="..\..\src\tree\GBRT.cpp">
      <Filter>源文件\tree</Filter>
    </ClCompile>
    <ClCompile Include="..\..\src\tree\BiSplit.cpp">
      <Filter>源文件\tree</Filter>
    </ClCompile>
    <ClCompile Include="..\..\src\tree\ManifoldTree.cpp">
      <Filter>源文件\tree</Filter>
    </ClCompile>
    <ClCompile Include="..\..\src\tree\BoostingForest.cpp">
      <Filter>源文件\tree</Filter>
    </ClCompile>
    <ClCompile Include="..\..\src\python\pyMORT_DLL.cpp">
      <Filter>源文件\python</Filter>
    </ClCompile>
    <ClCompile Include="..\..\src\EDA\SA_salp.cpp">
      <Filter>源文件\EDA</Filter>
    </ClCompile>
    <ClCompile Include="..\..\src\EDA\Feat_Selection.cpp">
      <Filter>源文件\EDA</Filter>
    </ClCompile>
    <ClCompile Include="..\..\src\util\GRander.cpp">
      <Filter>源文件\util</Filter>
    </ClCompile>
    <ClCompile Include="..\..\src\util\pcg_oneil\xoshiro256plusplus.c">
      <Filter>源文件\util</Filter>
    </ClCompile>
    <ClCompile Include="..\..\src\learn\Pruning.cpp">
      <Filter>源文件\learn</Filter>
    </ClCompile>
    <ClCompile Include="..\..\src\util\FastExpLog.c">
      <Filter>源文件\util</Filter>
    </ClCompile>
    <ClCompile Include="..\..\src\data_fold\FeatVector.cpp">
      <Filter>源文件\data_fold</Filter>
    </ClCompile>
  </ItemGroup>
  <ItemGroup>
    <ClInclude Include="..\..\src\data_fold\Loss.hpp">
      <Filter>源文件\data_fold</Filter>
    </ClInclude>
    <ClInclude Include="..\..\src\data_fold\EDA.hpp">
      <Filter>源文件\data_fold</Filter>
    </ClInclude>
    <ClInclude Include="..\..\src\data_fold\Histogram.hpp">
      <Filter>源文件\data_fold</Filter>
    </ClInclude>
    <ClInclude Include="..\..\src\data_fold\DataFold.hpp">
      <Filter>源文件\data_fold</Filter>
    </ClInclude>
    <ClInclude Include="..\..\src\data_fold\FeatVector.hpp">
      <Filter>源文件\data_fold</Filter>
    </ClInclude>
    <ClInclude Include="..\..\src\data_fold\Distribution.hpp">
      <Filter>源文件\data_fold</Filter>
    </ClInclude>
    <ClInclude Include="..\..\src\data_fold\FeatVec_2D.hpp">
      <Filter>源文件\data_fold</Filter>
    </ClInclude>
    <ClInclude Include="..\..\src\data_fold\Move.hpp">
      <Filter>源文件\data_fold</Filter>
    </ClInclude>
    <ClInclude Include="..\..\src\data_fold\FeatVec_EXP.hpp">
      <Filter>源文件\data_fold</Filter>
    </ClInclude>
    <ClInclude Include="..\..\src\data_fold\Imputer.hpp">
      <Filter>源文件\data_fold</Filter>
    </ClInclude>
    <ClInclude Include="..\..\src\learn\DCRIMI_.hpp">
      <Filter>源文件\learn</Filter>
    </ClInclude>
    <ClInclude Include="..\..\src\tree\BiSplit.hpp">
      <Filter>源文件\tree</Filter>
    </ClInclude>
    <ClInclude Include="..\..\src\tree\BoostingForest.hpp">
      <Filter>源文件\tree</Filter>
    </ClInclude>
    <ClInclude Include="..\..\src\tree\ManifoldTree.hpp">
      <Filter>源文件\tree</Filter>
    </ClInclude>
    <ClInclude Include="..\..\src\tree\GBRT.hpp">
      <Filter>源文件\tree</Filter>
    </ClInclude>
    <ClInclude Include="..\..\src\python\pyMORT_DLL.h">
      <Filter>源文件\python</Filter>
    </ClInclude>
    <ClInclude Include="..\..\src\util\Parallel_t.hpp">
      <Filter>源文件\util</Filter>
    </ClInclude>
    <ClInclude Include="..\..\src\util\samp_set.hpp">
      <Filter>源文件\util</Filter>
    </ClInclude>
    <ClInclude Include="..\..\src\util\Statistics_t.hpp">
      <Filter>源文件\util</Filter>
    </ClInclude>
    <ClInclude Include="..\..\src\util\GST_def.h">
      <Filter>源文件\util</Filter>
    </ClInclude>
    <ClInclude Include="..\..\src\util\Object.hpp">
      <Filter>源文件\util</Filter>
    </ClInclude>
    <ClInclude Include="..\..\src\include\LiteBOM_config.h">
      <Filter>头文件</Filter>
    </ClInclude>
    <ClInclude Include="..\..\src\EDA\SA_salp.hpp">
      <Filter>源文件\EDA</Filter>
    </ClInclude>
    <ClInclude Include="..\..\src\EDA\Feat_Selection.hpp">
      <Filter>源文件\EDA</Filter>
    </ClInclude>
    <ClInclude Include="..\..\src\util\GRander.hpp">
      <Filter>源文件\util</Filter>
    </ClInclude>
    <ClInclude Include="..\..\src\learn\Pruning.hpp">
      <Filter>源文件\learn</Filter>
    </ClInclude>
    <ClInclude Include="..\..\src\util\PY_obj.hpp">
      <Filter>源文件\util</Filter>
    </ClInclude>
    <ClInclude Include="..\..\src\data_fold\Loss_binary.hpp">
      <Filter>源文件\data_fold</Filter>
    </ClInclude>
    <ClInclude Include="..\..\src\util\Float16.hpp">
      <Filter>源文件\util</Filter>
    </ClInclude>
    <ClInclude Include="..\..\src\data_fold\Representive.hpp">
      <Filter>源文件\data_fold</Filter>
    </ClInclude>
    <ClInclude Include="..\..\src\data_fold\FeatVec_Quanti.hpp">
      <Filter>源文件\data_fold</Filter>
    </ClInclude>
  </ItemGroup>
</Project>